
Microsoft Visual Studio Solution File, Format Version 12.00
# Visual Studio Version 17
VisualStudioVersion = 17.5.002.0
MinimumVisualStudioVersion = 10.0.40219.1
Project("{2150E333-8FDC-42A3-9474-1A3956D46DE8}") = "event-grid-demo", "event-grid-demo", "{21CFDD9B-58F3-4699-89D6-D9548796F69C}"
EndProject
Project("{9A19103F-16F7-4668-BE54-9A1E7A4F7556}") = "EventGridDemo", "event-grid-demo\EventGridDemo\EventGridDemo.csproj", "{0328EFF2-77FF-47EB-8C06-1956A5DFAF26}"
EndProject
Global
	GlobalSection(SolutionConfigurationPlatforms) = preSolution
		Debug|Any CPU = Debug|Any CPU
		Release|Any CPU = Release|Any CPU
	EndGlobalSection
	GlobalSection(ProjectConfigurationPlatforms) = postSolution
		{0328EFF2-77FF-47EB-8C06-1956A5DFAF26}.Debug|Any CPU.ActiveCfg = Debug|Any CPU
		{0328EFF2-77FF-47EB-8C06-1956A5DFAF26}.Debug|Any CPU.Build.0 = Debug|Any CPU
		{0328EFF2-77FF-47EB-8C06-1956A5DFAF26}.Release|Any CPU.ActiveCfg = Release|Any CPU
		{0328EFF2-77FF-47EB-8C06-1956A5DFAF26}.Release|Any CPU.Build.0 = Release|Any CPU
	EndGlobalSection
	GlobalSection(SolutionProperties) = preSolution
		HideSolutionNode = FALSE
	EndGlobalSection
	GlobalSection(NestedProjects) = preSolution
		{0328EFF2-77FF-47EB-8C06-1956A5DFAF26} = {21CFDD9B-58F3-4699-89D6-D9548796F69C}
	EndGlobalSection
	GlobalSection(ExtensibilityGlobals) = postSolution
		SolutionGuid = {140F8648-D9CE-46B1-9E0E-EB172B86ACF9}
	EndGlobalSection
EndGlobal
